github.com/yaelol1/myp_proyecto1 v0.0.0-20220913231530-27ad95642db6 h1:ksc7AU9FDKRLkYhi58WzFsRcfxCuLwFQrBcRo/C3vRk=
github.com/yaelol1/myp_proyecto1 v0.0.0-20220913231530-27ad95642db6/go.mod h1:E9uN97a84DPBnrN0MqirVhblxhVfXSyRpKNDfclaixc=
github.com/yaelol1/myp_proyecto1 v0.0.0-20221012222345-efc21542d47f h1:5GFbfMpKiaghXDS79HuMAEMHICyJ0wjKgUwUAXrK7cQ=
